// !$*UTF8*$!
{
	archiveVersion = 1;
	classes = {
	};
	objectVersion = 56;
	objects = {

/* Begin PBXBuildFile section */
		326B194E2B601000003BB3B9 /* Fonts.swift in Sources */ = {isa = PBXBuildFile; fileRef = 326B194D2B601000003BB3B9 /* Fonts.swift */; };
		326B19512B6033D2003BB3B9 /* CustomNavBarView.swift in Sources */ = {isa = PBXBuildFile; fileRef = 326B19502B6033D2003BB3B9 /* CustomNavBarView.swift */; };
		3291E9EF2B5FE3F70052C286 /* AppDelegate.swift in Sources */ = {isa = PBXBuildFile; fileRef = 3291E9EE2B5FE3F70052C286 /* AppDelegate.swift */; };
		3291E9F12B5FE3F70052C286 /* SceneDelegate.swift in Sources */ = {isa = PBXBuildFile; fileRef = 3291E9F02B5FE3F70052C286 /* SceneDelegate.swift */; };
		3291E9F82B5FE3FA0052C286 /* Assets.xcassets in Resources */ = {isa = PBXBuildFile; fileRef = 3291E9F72B5FE3FA0052C286 /* Assets.xcassets */; };
		3291E9FB2B5FE3FA0052C286 /* LaunchScreen.storyboard in Resources */ = {isa = PBXBuildFile; fileRef = 3291E9F92B5FE3FA0052C286 /* LaunchScreen.storyboard */; };
		3291EA0D2B5FE8450052C286 /* MainBuilder.swift in Sources */ = {isa = PBXBuildFile; fileRef = 3291EA082B5FE8450052C286 /* MainBuilder.swift */; };
		3291EA0E2B5FE8450052C286 /* MainPresenter.swift in Sources */ = {isa = PBXBuildFile; fileRef = 3291EA0A2B5FE8450052C286 /* MainPresenter.swift */; };
		3291EA0F2B5FE8450052C286 /* MainViewController.swift in Sources */ = {isa = PBXBuildFile; fileRef = 3291EA0C2B5FE8450052C286 /* MainViewController.swift */; };
		3291EA132B5FEB150052C286 /* UITableViewExtension.swift in Sources */ = {isa = PBXBuildFile; fileRef = 3291EA122B5FEB150052C286 /* UITableViewExtension.swift */; };
		3291EA152B5FEB5E0052C286 /* UIViewExtension.swift in Sources */ = {isa = PBXBuildFile; fileRef = 3291EA142B5FEB5E0052C286 /* UIViewExtension.swift */; };
		3291EA172B5FEB950052C286 /* UIStackViewExtension.swift in Sources */ = {isa = PBXBuildFile; fileRef = 3291EA162B5FEB950052C286 /* UIStackViewExtension.swift */; };
		3291EA1A2B5FEBE10052C286 /* MainTableViewCell.swift in Sources */ = {isa = PBXBuildFile; fileRef = 3291EA192B5FEBE10052C286 /* MainTableViewCell.swift */; };
/* End PBXBuildFile section */

/* Begin PBXFileReference section */
		326B194D2B601000003BB3B9 /* Fonts.swift */ = {isa = PBXFileReference; lastKnownFileType = sourcecode.swift; path = Fonts.swift; sourceTree = "<group>"; };
		326B19502B6033D2003BB3B9 /* CustomNavBarView.swift */ = {isa = PBXFileReference; lastKnownFileType = sourcecode.swift; path = CustomNavBarView.swift; sourceTree = "<group>"; };
		3291E9EB2B5FE3F70052C286 /* ImikoCrypto.app */ = {isa = PBXFileReference; explicitFileType = wrapper.application; includeInIndex = 0; path = ImikoCrypto.app; sourceTree = BUILT_PRODUCTS_DIR; };
		3291E9EE2B5FE3F70052C286 /* AppDelegate.swift */ = {isa = PBXFileReference; lastKnownFileType = sourcecode.swift; path = AppDelegate.swift; sourceTree = "<group>"; };
		3291E9F02B5FE3F70052C286 /* SceneDelegate.swift */ = {isa = PBXFileReference; lastKnownFileType = sourcecode.swift; path = SceneDelegate.swift; sourceTree = "<group>"; };
		3291E9F72B5FE3FA0052C286 /* Assets.xcassets */ = {isa = PBXFileReference; lastKnownFileType = folder.assetcatalog; path = Assets.xcassets; sourceTree = "<group>"; };
		3291E9FA2B5FE3FA0052C286 /* Base */ = {isa = PBXFileReference; lastKnownFileType = file.storyboard; name = Base; path = Base.lproj/LaunchScreen.storyboard; sourceTree = "<group>"; };
		3291E9FC2B5FE3FA0052C286 /* Info.plist */ = {isa = PBXFileReference; lastKnownFileType = text.plist.xml; path = Info.plist; sourceTree = "<group>"; };
		3291EA082B5FE8450052C286 /* MainBuilder.swift */ = {isa = PBXFileReference; fileEncoding = 4; lastKnownFileType = sourcecode.swift; path = MainBuilder.swift; sourceTree = "<group>"; };
		3291EA0A2B5FE8450052C286 /* MainPresenter.swift */ = {isa = PBXFileReference; fileEncoding = 4; lastKnownFileType = sourcecode.swift; path = MainPresenter.swift; sourceTree = "<group>"; };
		3291EA0C2B5FE8450052C286 /* MainViewController.swift */ = {isa = PBXFileReference; fileEncoding = 4; lastKnownFileType = sourcecode.swift; path = MainViewController.swift; sourceTree = "<group>"; };
		3291EA122B5FEB150052C286 /* UITableViewExtension.swift */ = {isa = PBXFileReference; lastKnownFileType = sourcecode.swift; path = UITableViewExtension.swift; sourceTree = "<group>"; };
		3291EA142B5FEB5E0052C286 /* UIViewExtension.swift */ = {isa = PBXFileReference; lastKnownFileType = sourcecode.swift; path = UIViewExtension.swift; sourceTree = "<group>"; };
		3291EA162B5FEB950052C286 /* UIStackViewExtension.swift */ = {isa = PBXFileReference; lastKnownFileType = sourcecode.swift; path = UIStackViewExtension.swift; sourceTree = "<group>"; };
		3291EA192B5FEBE10052C286 /* MainTableViewCell.swift */ = {isa = PBXFileReference; lastKnownFileType = sourcecode.swift; path = MainTableViewCell.swift; sourceTree = "<group>"; };
/* End PBXFileReference section */

/* Begin PBXFrameworksBuildPhase section */
		3291E9E82B5FE3F70052C286 /* Frameworks */ = {
			isa = PBXFrameworksBuildPhase;
			buildActionMask = 2147483647;
			files = (
			);
			runOnlyForDeploymentPostprocessing = 0;
		};
/* End PBXFrameworksBuildPhase section */

/* Begin PBXGroup section */
		326B194F2B60337D003BB3B9 /* Helperes */ = {
			isa = PBXGroup;
			children = (
				326B19502B6033D2003BB3B9 /* CustomNavBarView.swift */,
			);
			path = Helperes;
			sourceTree = "<group>";
		};
		3291E9E22B5FE3F70052C286 = {
			isa = PBXGroup;
			children = (
				3291E9ED2B5FE3F70052C286 /* ImikoCrypto */,
				3291E9EC2B5FE3F70052C286 /* Products */,
			);
			sourceTree = "<group>";
		};
		3291E9EC2B5FE3F70052C286 /* Products */ = {
			isa = PBXGroup;
			children = (
				3291E9EB2B5FE3F70052C286 /* ImikoCrypto.app */,
			);
			name = Products;
			sourceTree = "<group>";
		};
		3291E9ED2B5FE3F70052C286 /* ImikoCrypto */ = {
			isa = PBXGroup;
			children = (
				3291EA022B5FE7900052C286 /* Core */,
				3291EA032B5FE7960052C286 /* Resourses */,
				3291EA102B5FEAEB0052C286 /* Extensions */,
				326B194F2B60337D003BB3B9 /* Helperes */,
				3291EA062B5FE8210052C286 /* Modules */,
			);
			path = ImikoCrypto;
			sourceTree = "<group>";
		};
		3291EA022B5FE7900052C286 /* Core */ = {
			isa = PBXGroup;
			children = (
				3291E9EE2B5FE3F70052C286 /* AppDelegate.swift */,
				3291E9F02B5FE3F70052C286 /* SceneDelegate.swift */,
				3291E9FC2B5FE3FA0052C286 /* Info.plist */,
			);
			path = Core;
			sourceTree = "<group>";
		};
		3291EA032B5FE7960052C286 /* Resourses */ = {
			isa = PBXGroup;
			children = (
				3291E9F92B5FE3FA0052C286 /* LaunchScreen.storyboard */,
				3291E9F72B5FE3FA0052C286 /* Assets.xcassets */,
				326B194D2B601000003BB3B9 /* Fonts.swift */,
			);
			path = Resourses;
			sourceTree = "<group>";
		};
		3291EA062B5FE8210052C286 /* Modules */ = {
			isa = PBXGroup;
			children = (
				3291EA072B5FE8450052C286 /* Main */,
			);
			path = Modules;
			sourceTree = "<group>";
		};
		3291EA072B5FE8450052C286 /* Main */ = {
			isa = PBXGroup;
			children = (
				3291EA082B5FE8450052C286 /* MainBuilder.swift */,
				3291EA092B5FE8450052C286 /* Presenter */,
				3291EA0B2B5FE8450052C286 /* View */,
			);
			name = Main;
			path = ImikoCrypto/Main;
			sourceTree = SOURCE_ROOT;
		};
		3291EA092B5FE8450052C286 /* Presenter */ = {
			isa = PBXGroup;
			children = (
				3291EA0A2B5FE8450052C286 /* MainPresenter.swift */,
			);
			path = Presenter;
			sourceTree = "<group>";
		};
		3291EA0B2B5FE8450052C286 /* View */ = {
			isa = PBXGroup;
			children = (
				3291EA0C2B5FE8450052C286 /* MainViewController.swift */,
				3291EA182B5FEBCF0052C286 /* Cell */,
			);
			path = View;
			sourceTree = "<group>";
		};
		3291EA102B5FEAEB0052C286 /* Extensions */ = {
			isa = PBXGroup;
			children = (
				3291EA112B5FEAF60052C286 /* UIKit */,
			);
			path = Extensions;
			sourceTree = "<group>";
		};
		3291EA112B5FEAF60052C286 /* UIKit */ = {
			isa = PBXGroup;
			children = (
				3291EA122B5FEB150052C286 /* UITableViewExtension.swift */,
				3291EA142B5FEB5E0052C286 /* UIViewExtension.swift */,
				3291EA162B5FEB950052C286 /* UIStackViewExtension.swift */,
			);
			path = UIKit;
			sourceTree = "<group>";
		};
		3291EA182B5FEBCF0052C286 /* Cell */ = {
			isa = PBXGroup;
			children = (
				3291EA192B5FEBE10052C286 /* MainTableViewCell.swift */,
			);
			path = Cell;
			sourceTree = "<group>";
		};
/* End PBXGroup section */

/* Begin PBXNativeTarget section */
		3291E9EA2B5FE3F70052C286 /* ImikoCrypto */ = {
			isa = PBXNativeTarget;
			buildConfigurationList = 3291E9FF2B5FE3FA0052C286 /* Build configuration list for PBXNativeTarget "ImikoCrypto" */;
			buildPhases = (
				3291E9E72B5FE3F70052C286 /* Sources */,
				3291E9E82B5FE3F70052C286 /* Frameworks */,
				3291E9E92B5FE3F70052C286 /* Resources */,
			);
			buildRules = (
			);
			dependencies = (
			);
			name = ImikoCrypto;
			productName = ImikoCrypto;
			productReference = 3291E9EB2B5FE3F70052C286 /* ImikoCrypto.app */;
			productType = "com.apple.product-type.application";
		};
/* End PBXNativeTarget section */

/* Begin PBXProject section */
		3291E9E32B5FE3F70052C286 /* Project object */ = {
			isa = PBXProject;
			attributes = {
				BuildIndependentTargetsInParallel = 1;
				LastSwiftUpdateCheck = 1520;
				LastUpgradeCheck = 1520;
				TargetAttributes = {
					3291E9EA2B5FE3F70052C286 = {
						CreatedOnToolsVersion = 15.2;
					};
				};
			};
			buildConfigurationList = 3291E9E62B5FE3F70052C286 /* Build configuration list for PBXProject "ImikoCrypto" */;
			compatibilityVersion = "Xcode 14.0";
			developmentRegion = en;
			hasScannedForEncodings = 0;
			knownRegions = (
				en,
				Base,
			);
			mainGroup = 3291E9E22B5FE3F70052C286;
			productRefGroup = 3291E9EC2B5FE3F70052C286 /* Products */;
			projectDirPath = "";
			projectRoot = "";
			targets = (
				3291E9EA2B5FE3F70052C286 /* ImikoCrypto */,
			);
		};
/* End PBXProject section */

/* Begin PBXResourcesBuildPhase section */
		3291E9E92B5FE3F70052C286 /* Resources */ = {
			isa = PBXResourcesBuildPhase;
			buildActionMask = 2147483647;
			files = (
				3291E9FB2B5FE3FA0052C286 /* LaunchScreen.storyboard in Resources */,
				3291E9F82B5FE3FA0052C286 /* Assets.xcassets in Resources */,
			);
			runOnlyForDeploymentPostprocessing = 0;
		};
/* End PBXResourcesBuildPhase section */

/* Begin PBXSourcesBuildPhase section */
		3291E9E72B5FE3F70052C286 /* Sources */ = {
			isa = PBXSourcesBuildPhase;
			buildActionMask = 2147483647;
			files = (
				3291E9EF2B5FE3F70052C286 /* AppDelegate.swift in Sources */,
				3291EA1A2B5FEBE10052C286 /* MainTableViewCell.swift in Sources */,
				3291EA172B5FEB950052C286 /* UIStackViewExtension.swift in Sources */,
				3291E9F12B5FE3F70052C286 /* SceneDelegate.swift in Sources */,
				3291EA0D2B5FE8450052C286 /* MainBuilder.swift in Sources */,
				3291EA132B5FEB150052C286 /* UITableViewExtension.swift in Sources */,
				326B19512B6033D2003BB3B9 /* CustomNavBarView.swift in Sources */,
				3291EA152B5FEB5E0052C286 /* UIViewExtension.swift in Sources */,
				326B194E2B601000003BB3B9 /* Fonts.swift in Sources */,
				3291EA0E2B5FE8450052C286 /* MainPresenter.swift in Sources */,
				3291EA0F2B5FE8450052C286 /* MainViewController.swift in Sources */,
			);
			runOnlyForDeploymentPostprocessing = 0;
		};
/* End PBXSourcesBuildPhase section */

/* Begin PBXVariantGroup section */
		3291E9F92B5FE3FA0052C286 /* LaunchScreen.storyboard */ = {
			isa = PBXVariantGroup;
			children = (
				3291E9FA2B5FE3FA0052C286 /* Base */,
			);
			name = LaunchScreen.storyboard;
			sourceTree = "<group>";
		};
/* End PBXVariantGroup section */

/* Begin XCBuildConfiguration section */
		3291E9FD2B5FE3FA0052C286 /* Debug */ = {
			isa = XCBuildConfiguration;
			buildSettings = {
				ALWAYS_SEARCH_USER_PATHS = NO;
				ASSETCATALOG_COMPILER_GENERATE_SWIFT_ASSET_SYMBOL_EXTENSIONS = YES;
				CLANG_ANALYZER_NONNULL = YES;
				CLANG_ANALYZER_NUMBER_OBJECT_CONVERSION = YES_AGGRESSIVE;
				CLANG_CXX_LANGUAGE_STANDARD = "gnu++20";
				CLANG_ENABLE_MODULES = YES;
				CLANG_ENABLE_OBJC_ARC = YES;
				CLANG_ENABLE_OBJC_WEAK = YES;
				CLANG_WARN_BLOCK_CAPTURE_AUTORELEASING = YES;
				CLANG_WARN_BOOL_CONVERSION = YES;
				CLANG_WARN_COMMA = YES;
				CLANG_WARN_CONSTANT_CONVERSION = YES;
				CLANG_WARN_DEPRECATED_OBJC_IMPLEMENTATIONS = YES;
				CLANG_WARN_DIRECT_OBJC_ISA_USAGE = YES_ERROR;
				CLANG_WARN_DOCUMENTATION_COMMENTS = YES;
				CLANG_WARN_EMPTY_BODY = YES;
				CLANG_WARN_ENUM_CONVERSION = YES;
				CLANG_WARN_INFINITE_RECURSION = YES;
				CLANG_WARN_INT_CONVERSION = YES;
				CLANG_WARN_NON_LITERAL_NULL_CONVERSION = YES;
				CLANG_WARN_OBJC_IMPLICIT_RETAIN_SELF = YES;
				CLANG_WARN_OBJC_LITERAL_CONVERSION = YES;
				CLANG_WARN_OBJC_ROOT_CLASS = YES_ERROR;
				CLANG_WARN_QUOTED_INCLUDE_IN_FRAMEWORK_HEADER = YES;
				CLANG_WARN_RANGE_LOOP_ANALYSIS = YES;
				CLANG_WARN_STRICT_PROTOTYPES = YES;
				CLANG_WARN_SUSPICIOUS_MOVE = YES;
				CLANG_WARN_UNGUARDED_AVAILABILITY = YES_AGGRESSIVE;
				CLANG_WARN_UNREACHABLE_CODE = YES;
				CLANG_WARN__DUPLICATE_METHOD_MATCH = YES;
				COPY_PHASE_STRIP = NO;
				DEBUG_INFORMATION_FORMAT = dwarf;
				ENABLE_STRICT_OBJC_MSGSEND = YES;
				ENABLE_TESTABILITY = YES;
				ENABLE_USER_SCRIPT_SANDBOXING = YES;
				GCC_C_LANGUAGE_STANDARD = gnu17;
				GCC_DYNAMIC_NO_PIC = NO;
				GCC_NO_COMMON_BLOCKS = YES;
				GCC_OPTIMIZATION_LEVEL = 0;
				GCC_PREPROCESSOR_DEFINITIONS = (
					"DEBUG=1",
					"$(inherited)",
				);
				GCC_WARN_64_TO_32_BIT_CONVERSION = YES;
				GCC_WARN_ABOUT_RETURN_TYPE = YES_ERROR;
				GCC_WARN_UNDECLARED_SELECTOR = YES;
				GCC_WARN_UNINITIALIZED_AUTOS = YES_AGGRESSIVE;
				GCC_WARN_UNUSED_FUNCTION = YES;
				GCC_WARN_UNUSED_VARIABLE = YES;
				IPHONEOS_DEPLOYMENT_TARGET = 13.0;
				LOCALIZATION_PREFERS_STRING_CATALOGS = YES;
				MTL_ENABLE_DEBUG_INFO = INCLUDE_SOURCE;
				MTL_FAST_MATH = YES;
				ONLY_ACTIVE_ARCH = YES;
				SDKROOT = iphoneos;
				SWIFT_ACTIVE_COMPILATION_CONDITIONS = "DEBUG $(inherited)";
				SWIFT_OPTIMIZATION_LEVEL = "-Onone";
			};
			name = Debug;
		};
		3291E9FE2B5FE3FA0052C286 /* Release */ = {
			isa = XCBuildConfiguration;
			buildSettings = {
				ALWAYS_SEARCH_USER_PATHS = NO;
				ASSETCATALOG_COMPILER_GENERATE_SWIFT_ASSET_SYMBOL_EXTENSIONS = YES;
				CLANG_ANALYZER_NONNULL = YES;
				CLANG_ANALYZER_NUMBER_OBJECT_CONVERSION = YES_AGGRESSIVE;
				CLANG_CXX_LANGUAGE_STANDARD = "gnu++20";
				CLANG_ENABLE_MODULES = YES;
				CLANG_ENABLE_OBJC_ARC = YES;
				CLANG_ENABLE_OBJC_WEAK = YES;
				CLANG_WARN_BLOCK_CAPTURE_AUTORELEASING = YES;
				CLANG_WARN_BOOL_CONVERSION = YES;
				CLANG_WARN_COMMA = YES;
				CLANG_WARN_CONSTANT_CONVERSION = YES;
				CLANG_WARN_DEPRECATED_OBJC_IMPLEMENTATIONS = YES;
				CLANG_WARN_DIRECT_OBJC_ISA_USAGE = YES_ERROR;
				CLANG_WARN_DOCUMENTATION_COMMENTS = YES;
				CLANG_WARN_EMPTY_BODY = YES;
				CLANG_WARN_ENUM_CONVERSION = YES;
				CLANG_WARN_INFINITE_RECURSION = YES;
				CLANG_WARN_INT_CONVERSION = YES;
				CLANG_WARN_NON_LITERAL_NULL_CONVERSION = YES;
				CLANG_WARN_OBJC_IMPLICIT_RETAIN_SELF = YES;
				CLANG_WARN_OBJC_LITERAL_CONVERSION = YES;
				CLANG_WARN_OBJC_ROOT_CLASS = YES_ERROR;
				CLANG_WARN_QUOTED_INCLUDE_IN_FRAMEWORK_HEADER = YES;
				CLANG_WARN_RANGE_LOOP_ANALYSIS = YES;
				CLANG_WARN_STRICT_PROTOTYPES = YES;
				CLANG_WARN_SUSPICIOUS_MOVE = YES;
				CLANG_WARN_UNGUARDED_AVAILABILITY = YES_AGGRESSIVE;
				CLANG_WARN_UNREACHABLE_CODE = YES;
				CLANG_WARN__DUPLICATE_METHOD_MATCH = YES;
				COPY_PHASE_STRIP = NO;
				DEBUG_INFORMATION_FORMAT = "dwarf-with-dsym";
				ENABLE_NS_ASSERTIONS = NO;
				ENABLE_STRICT_OBJC_MSGSEND = YES;
				ENABLE_USER_SCRIPT_SANDBOXING = YES;
				GCC_C_LANGUAGE_STANDARD = gnu17;
				GCC_NO_COMMON_BLOCKS = YES;
				GCC_WARN_64_TO_32_BIT_CONVERSION = YES;
				GCC_WARN_ABOUT_RETURN_TYPE = YES_ERROR;
				GCC_WARN_UNDECLARED_SELECTOR = YES;
				GCC_WARN_UNINITIALIZED_AUTOS = YES_AGGRESSIVE;
				GCC_WARN_UNUSED_FUNCTION = YES;
				GCC_WARN_UNUSED_VARIABLE = YES;
				IPHONEOS_DEPLOYMENT_TARGET = 13.0;
				LOCALIZATION_PREFERS_STRING_CATALOGS = YES;
				MTL_ENABLE_DEBUG_INFO = NO;
				MTL_FAST_MATH = YES;
				SDKROOT = iphoneos;
				SWIFT_COMPILATION_MODE = wholemodule;
				VALIDATE_PRODUCT = YES;
			};
			name = Release;
		};
		3291EA002B5FE3FA0052C286 /* Debug */ = {
			isa = XCBuildConfiguration;
			buildSettings = {
				ASSETCATALOG_COMPILER_APPICON_NAME = AppIcon;
				ASSETCATALOG_COMPILER_GLOBAL_ACCENT_COLOR_NAME = AccentColor;
				CODE_SIGN_STYLE = Automatic;
				CURRENT_PROJECT_VERSION = 1;
				DEVELOPMENT_TEAM = YV72SAKGKB;
				GENERATE_INFOPLIST_FILE = YES;
				INFOPLIST_FILE = ImikoCrypto/Core/Info.plist;
				INFOPLIST_KEY_UIApplicationSupportsIndirectInputEvents = YES;
				INFOPLIST_KEY_UILaunchStoryboardName = LaunchScreen;
				INFOPLIST_KEY_UISupportedInterfaceOrientations = UIInterfaceOrientationPortrait;
				INFOPLIST_KEY_UISupportedInterfaceOrientations_iPad = "UIInterfaceOrientationLandscapeLeft UIInterfaceOrientationLandscapeRight UIInterfaceOrientationPortrait UIInterfaceOrientationPortraitUpsideDown";
				IPHONEOS_DEPLOYMENT_TARGET = 13.0;
				LD_RUNPATH_SEARCH_PATHS = (
					"$(inherited)",
					"@executable_path/Frameworks",
				);
				MARKETING_VERSION = 1.0;
				PRODUCT_BUNDLE_IDENTIFIER = CT4TuEI3.ImikoCrypto;
				PRODUCT_NAME = "$(TARGET_NAME)";
				SUPPORTED_PLATFORMS = "iphoneos iphonesimulator";
				SUPPORTS_MACCATALYST = NO;
				SUPPORTS_MAC_DESIGNED_FOR_IPHONE_IPAD = NO;
				SUPPORTS_XR_DESIGNED_FOR_IPHONE_IPAD = NO;
				SWIFT_EMIT_LOC_STRINGS = YES;
				SWIFT_VERSION = 5.0;
				TARGETED_DEVICE_FAMILY = 1;
			};
			name = Debug;
		};
		3291EA012B5FE3FA0052C286 /* Release */ = {
			isa = XCBuildConfiguration;
			buildSettings = {
				ASSETCATALOG_COMPILER_APPICON_NAME = AppIcon;
				ASSETCATALOG_COMPILER_GLOBAL_ACCENT_COLOR_NAME = AccentColor;
				CODE_SIGN_STYLE = Automatic;
				CURRENT_PROJECT_VERSION = 1;
				DEVELOPMENT_TEAM = YV72SAKGKB;
				GENERATE_INFOPLIST_FILE = YES;
				INFOPLIST_FILE = ImikoCrypto/Core/Info.plist;
				INFOPLIST_KEY_UIApplicationSupportsIndirectInputEvents = YES;
				INFOPLIST_KEY_UILaunchStoryboardName = LaunchScreen;
				INFOPLIST_KEY_UISupportedInterfaceOrientations = UIInterfaceOrientationPortrait;
				INFOPLIST_KEY_UISupportedInterfaceOrientations_iPad = "UIInterfaceOrientationLandscapeLeft UIInterfaceOrientationLandscapeRight UIInterfaceOrientationPortrait UIInterfaceOrientationPortraitUpsideDown";
				IPHONEOS_DEPLOYMENT_TARGET = 13.0;
				LD_RUNPATH_SEARCH_PATHS = (
					"$(inherited)",
					"@executable_path/Frameworks",
				);
				MARKETING_VERSION = 1.0;
				PRODUCT_BUNDLE_IDENTIFIER = CT4TuEI3.ImikoCrypto;
				PRODUCT_NAME = "$(TARGET_NAME)";
				SUPPORTED_PLATFORMS = "iphoneos iphonesimulator";
				SUPPORTS_MACCATALYST = NO;
				SUPPORTS_MAC_DESIGNED_FOR_IPHONE_IPAD = NO;
				SUPPORTS_XR_DESIGNED_FOR_IPHONE_IPAD = NO;
				SWIFT_EMIT_LOC_STRINGS = YES;
				SWIFT_VERSION = 5.0;
				TARGETED_DEVICE_FAMILY = 1;
			};
			name = Release;
		};
/* End XCBuildConfiguration section */

/* Begin XCConfigurationList section */
		3291E9E62B5FE3F70052C286 /* Build configuration list for PBXProject "ImikoCrypto" */ = {
			isa = XCConfigurationList;
			buildConfigurations = (
				3291E9FD2B5FE3FA0052C286 /* Debug */,
				3291E9FE2B5FE3FA0052C286 /* Release */,
			);
			defaultConfigurationIsVisible = 0;
			defaultConfigurationName = Release;
		};
		3291E9FF2B5FE3FA0052C286 /* Build configuration list for PBXNativeTarget "ImikoCrypto" */ = {
			isa = XCConfigurationList;
			buildConfigurations = (
				3291EA002B5FE3FA0052C286 /* Debug */,
				3291EA012B5FE3FA0052C286 /* Release */,
			);
			defaultConfigurationIsVisible = 0;
			defaultConfigurationName = Release;
		};
/* End XCConfigurationList section */
	};
	rootObject = 3291E9E32B5FE3F70052C286 /* Project object */;
}
